
Microsoft Visual Studio Solution File, Format Version 12.00
# Visual Studio Version 17
VisualStudioVersion = 17.3.32811.315
MinimumVisualStudioVersion = 10.0.40219.1
Project("{9A19103F-16F7-4668-BE54-9A1E7A4F7556}") = "Advent2022.Console", "src\Advent2022.Console\Advent2022.Console.csproj", "{F1B24823-5811-47FC-8C59-BB2A682D6D15}"
EndProject
Project("{9A19103F-16F7-4668-BE54-9A1E7A4F7556}") = "Advent2022.Day1", "src\Advent2022.Day1\Advent2022.Day1.csproj", "{1B69992E-97C3-4B31-B608-895D2B0C3178}"
EndProject
Project("{9A19103F-16F7-4668-BE54-9A1E7A4F7556}") = "Advent2022.Core", "src\Advent2022.Core\Advent2022.Core.csproj", "{F9713794-971F-4D38-A73B-C981BFF1781B}"
EndProject
Project("{9A19103F-16F7-4668-BE54-9A1E7A4F7556}") = "Advent2022.Day2", "src\Advent2022.Day2\Advent2022.Day2.csproj", "{08527AAF-0601-4618-A6AA-4D0DEC1A6248}"
EndProject
Project("{9A19103F-16F7-4668-BE54-9A1E7A4F7556}") = "Advent2022.Day3", "src\Advent2022.Day3\Advent2022.Day3.csproj", "{D9E9228B-CE49-4E8F-BD26-6563132B93F5}"
EndProject
Project("{FAE04EC0-301F-11D3-BF4B-00C04F79EFBC}") = "Advent2022.Day4", "src\Advent2022.Day4\Advent2022.Day4.csproj", "{B2B35786-D3B8-4908-A5D4-CBE72B67D60B}"
EndProject
Project("{FAE04EC0-301F-11D3-BF4B-00C04F79EFBC}") = "Advent2022.Day5", "src\Advent2022.Day5\Advent2022.Day5.csproj", "{7534F15A-4842-4D1C-ABA1-81E8027040DC}"
EndProject
Global
	GlobalSection(SolutionConfigurationPlatforms) = preSolution
		Debug|Any CPU = Debug|Any CPU
		Release|Any CPU = Release|Any CPU
	EndGlobalSection
	GlobalSection(ProjectConfigurationPlatforms) = postSolution
		{F1B24823-5811-47FC-8C59-BB2A682D6D15}.Debug|Any CPU.ActiveCfg = Debug|Any CPU
		{F1B24823-5811-47FC-8C59-BB2A682D6D15}.Debug|Any CPU.Build.0 = Debug|Any CPU
		{F1B24823-5811-47FC-8C59-BB2A682D6D15}.Release|Any CPU.ActiveCfg = Release|Any CPU
		{F1B24823-5811-47FC-8C59-BB2A682D6D15}.Release|Any CPU.Build.0 = Release|Any CPU
		{1B69992E-97C3-4B31-B608-895D2B0C3178}.Debug|Any CPU.ActiveCfg = Debug|Any CPU
		{1B69992E-97C3-4B31-B608-895D2B0C3178}.Debug|Any CPU.Build.0 = Debug|Any CPU
		{1B69992E-97C3-4B31-B608-895D2B0C3178}.Release|Any CPU.ActiveCfg = Release|Any CPU
		{1B69992E-97C3-4B31-B608-895D2B0C3178}.Release|Any CPU.Build.0 = Release|Any CPU
		{F9713794-971F-4D38-A73B-C981BFF1781B}.Debug|Any CPU.ActiveCfg = Debug|Any CPU
		{F9713794-971F-4D38-A73B-C981BFF1781B}.Debug|Any CPU.Build.0 = Debug|Any CPU
		{F9713794-971F-4D38-A73B-C981BFF1781B}.Release|Any CPU.ActiveCfg = Release|Any CPU
		{F9713794-971F-4D38-A73B-C981BFF1781B}.Release|Any CPU.Build.0 = Release|Any CPU
		{08527AAF-0601-4618-A6AA-4D0DEC1A6248}.Debug|Any CPU.ActiveCfg = Debug|Any CPU
		{08527AAF-0601-4618-A6AA-4D0DEC1A6248}.Debug|Any CPU.Build.0 = Debug|Any CPU
		{08527AAF-0601-4618-A6AA-4D0DEC1A6248}.Release|Any CPU.ActiveCfg = Release|Any CPU
		{08527AAF-0601-4618-A6AA-4D0DEC1A6248}.Release|Any CPU.Build.0 = Release|Any CPU
		{D9E9228B-CE49-4E8F-BD26-6563132B93F5}.Debug|Any CPU.ActiveCfg = Debug|Any CPU
		{D9E9228B-CE49-4E8F-BD26-6563132B93F5}.Debug|Any CPU.Build.0 = Debug|Any CPU
		{D9E9228B-CE49-4E8F-BD26-6563132B93F5}.Release|Any CPU.ActiveCfg = Release|Any CPU
		{D9E9228B-CE49-4E8F-BD26-6563132B93F5}.Release|Any CPU.Build.0 = Release|Any CPU
		{B2B35786-D3B8-4908-A5D4-CBE72B67D60B}.Debug|Any CPU.ActiveCfg = Debug|Any CPU
		{B2B35786-D3B8-4908-A5D4-CBE72B67D60B}.Debug|Any CPU.Build.0 = Debug|Any CPU
		{B2B35786-D3B8-4908-A5D4-CBE72B67D60B}.Release|Any CPU.ActiveCfg = Release|Any CPU
		{B2B35786-D3B8-4908-A5D4-CBE72B67D60B}.Release|Any CPU.Build.0 = Release|Any CPU
		{7534F15A-4842-4D1C-ABA1-81E8027040DC}.Debug|Any CPU.ActiveCfg = Debug|Any CPU
		{7534F15A-4842-4D1C-ABA1-81E8027040DC}.Debug|Any CPU.Build.0 = Debug|Any CPU
		{7534F15A-4842-4D1C-ABA1-81E8027040DC}.Release|Any CPU.ActiveCfg = Release|Any CPU
		{7534F15A-4842-4D1C-ABA1-81E8027040DC}.Release|Any CPU.Build.0 = Release|Any CPU
	EndGlobalSection
	GlobalSection(SolutionProperties) = preSolution
		HideSolutionNode = FALSE
	EndGlobalSection
	GlobalSection(ExtensibilityGlobals) = postSolution
		SolutionGuid = {C78BBDE2-E175-45D3-94EC-34114BE1465C}
	EndGlobalSection
EndGlobal
